
Microsoft Visual Studio Solution File, Format Version 12.00
# Visual Studio 14
VisualStudioVersion = 14.0.25420.1
MinimumVisualStudioVersion = 10.0.40219.1
Project("{FAE04EC0-301F-11D3-BF4B-00C04F79EFBC}") = "Threading", "Threading\Threading.csproj", "{66AC80A4-B9F3-4C9D-83EF-EC59A6984F07}"
EndProject
Project("{FAE04EC0-301F-11D3-BF4B-00C04F79EFBC}") = "Threading.Tests", "Threading.Tests\Threading.Tests.csproj", "{50FFB383-028E-4D5B-8ADC-B18627C1F8EC}"
EndProject
Project("{FAE04EC0-301F-11D3-BF4B-00C04F79EFBC}") = "Core", "Core\Core.csproj", "{329F821A-6551-4518-86D1-71F393C75B13}"
EndProject
Global
	GlobalSection(SolutionConfigurationPlatforms) = preSolution
		Debug|Any CPU = Debug|Any CPU
		Release|Any CPU = Release|Any CPU
	EndGlobalSection
	GlobalSection(ProjectConfigurationPlatforms) = postSolution
		{66AC80A4-B9F3-4C9D-83EF-EC59A6984F07}.Debug|Any CPU.ActiveCfg = Debug|Any CPU
		{66AC80A4-B9F3-4C9D-83EF-EC59A6984F07}.Debug|Any CPU.Build.0 = Debug|Any CPU
		{66AC80A4-B9F3-4C9D-83EF-EC59A6984F07}.Release|Any CPU.ActiveCfg = Release|Any CPU
		{66AC80A4-B9F3-4C9D-83EF-EC59A6984F07}.Release|Any CPU.Build.0 = Release|Any CPU
		{50FFB383-028E-4D5B-8ADC-B18627C1F8EC}.Debug|Any CPU.ActiveCfg = Debug|Any CPU
		{50FFB383-028E-4D5B-8ADC-B18627C1F8EC}.Debug|Any CPU.Build.0 = Debug|Any CPU
		{50FFB383-028E-4D5B-8ADC-B18627C1F8EC}.Release|Any CPU.ActiveCfg = Release|Any CPU
		{50FFB383-028E-4D5B-8ADC-B18627C1F8EC}.Release|Any CPU.Build.0 = Release|Any CPU
		{329F821A-6551-4518-86D1-71F393C75B13}.Debug|Any CPU.ActiveCfg = Debug|Any CPU
		{329F821A-6551-4518-86D1-71F393C75B13}.Debug|Any CPU.Build.0 = Debug|Any CPU
		{329F821A-6551-4518-86D1-71F393C75B13}.Release|Any CPU.ActiveCfg = Release|Any CPU
		{329F821A-6551-4518-86D1-71F393C75B13}.Release|Any CPU.Build.0 = Release|Any CPU
	EndGlobalSection
	GlobalSection(SolutionProperties) = preSolution
		HideSolutionNode = FALSE
	EndGlobalSection
EndGlobal
